
Microsoft Visual Studio Solution File, Format Version 12.00
# Visual Studio Version 17
VisualStudioVersion = 17.10.34928.147
MinimumVisualStudioVersion = 10.0.40219.1
Project("{FAE04EC0-301F-11D3-BF4B-00C04F79EFBC}") = "LINQExamples_1", "LINQExamples_1\LINQExamples_1.csproj", "{B61340B2-0596-486E-B78F-E73155A9AB3C}"
EndProject
Global
	GlobalSection(SolutionConfigurationPlatforms) = preSolution
		Debug|Any CPU = Debug|Any CPU
		Release|Any CPU = Release|Any CPU
	EndGlobalSection
	GlobalSection(ProjectConfigurationPlatforms) = postSolution
		{B61340B2-0596-486E-B78F-E73155A9AB3C}.Debug|Any CPU.ActiveCfg = Debug|Any CPU
		{B61340B2-0596-486E-B78F-E73155A9AB3C}.Debug|Any CPU.Build.0 = Debug|Any CPU
		{B61340B2-0596-486E-B78F-E73155A9AB3C}.Release|Any CPU.ActiveCfg = Release|Any CPU
		{B61340B2-0596-486E-B78F-E73155A9AB3C}.Release|Any CPU.Build.0 = Release|Any CPU
	EndGlobalSection
	GlobalSection(SolutionProperties) = preSolution
		HideSolutionNode = FALSE
	EndGlobalSection
	GlobalSection(ExtensibilityGlobals) = postSolution
		SolutionGuid = {C6D41F39-FE69-4AAC-97CA-EDE83C9D06BF}
	EndGlobalSection
EndGlobal
